
Microsoft Visual Studio Solution File, Format Version 12.00
# Visual Studio Version 17
VisualStudioVersion = 17.6.33723.286
MinimumVisualStudioVersion = 10.0.40219.1
Project("{FAE04EC0-301F-11D3-BF4B-00C04F79EFBC}") = "ProyInstitutoFINAL", "ProyInstitutoFINAL\ProyInstitutoFINAL.csproj", "{01CE8A78-78F5-45DE-9364-392A7B38A296}"
EndProject
Global
	GlobalSection(SolutionConfigurationPlatforms) = preSolution
		Debug|Any CPU = Debug|Any CPU
		Release|Any CPU = Release|Any CPU
	EndGlobalSection
	GlobalSection(ProjectConfigurationPlatforms) = postSolution
		{01CE8A78-78F5-45DE-9364-392A7B38A296}.Debug|Any CPU.ActiveCfg = Debug|Any CPU
		{01CE8A78-78F5-45DE-9364-392A7B38A296}.Debug|Any CPU.Build.0 = Debug|Any CPU
		{01CE8A78-78F5-45DE-9364-392A7B38A296}.Release|Any CPU.ActiveCfg = Release|Any CPU
		{01CE8A78-78F5-45DE-9364-392A7B38A296}.Release|Any CPU.Build.0 = Release|Any CPU
	EndGlobalSection
	GlobalSection(SolutionProperties) = preSolution
		HideSolutionNode = FALSE
	EndGlobalSection
	GlobalSection(ExtensibilityGlobals) = postSolution
		SolutionGuid = {6EC38CDC-32D0-4D88-BE44-F2A98D27E361}
	EndGlobalSection
EndGlobal
